
Microsoft Visual Studio Solution File, Format Version 12.00
# Visual Studio Version 16
VisualStudioVersion = 16.0.30804.86
MinimumVisualStudioVersion = 10.0.40219.1
Project("{9A19103F-16F7-4668-BE54-9A1E7A4F7556}") = "cancelapp", "cancelapp.csproj", "{541F7E93-A63E-4862-B241-27F303627F72}"
EndProject
Global
	GlobalSection(SolutionConfigurationPlatforms) = preSolution
		Debug|Any CPU = Debug|Any CPU
		Release|Any CPU = Release|Any CPU
	EndGlobalSection
	GlobalSection(ProjectConfigurationPlatforms) = postSolution
		{541F7E93-A63E-4862-B241-27F303627F72}.Debug|Any CPU.ActiveCfg = Debug|Any CPU
		{541F7E93-A63E-4862-B241-27F303627F72}.Debug|Any CPU.Build.0 = Debug|Any CPU
		{541F7E93-A63E-4862-B241-27F303627F72}.Release|Any CPU.ActiveCfg = Release|Any CPU
		{541F7E93-A63E-4862-B241-27F303627F72}.Release|Any CPU.Build.0 = Release|Any CPU
	EndGlobalSection
	GlobalSection(SolutionProperties) = preSolution
		HideSolutionNode = FALSE
	EndGlobalSection
	GlobalSection(ExtensibilityGlobals) = postSolution
		SolutionGuid = {29817230-82B9-45F8-8205-42979811A1D3}
	EndGlobalSection
EndGlobal
